
Microsoft Visual Studio Solution File, Format Version 12.00
# Visual Studio Version 17
VisualStudioVersion = 17.4.33205.214
MinimumVisualStudioVersion = 10.0.40219.1
Project("{FAE04EC0-301F-11D3-BF4B-00C04F79EFBC}") = "2", "2\2.csproj", "{32F394E7-0CDD-4891-99FB-99C72B553AD3}"
EndProject
Project("{FAE04EC0-301F-11D3-BF4B-00C04F79EFBC}") = "1", "1\1.csproj", "{197C44A8-A59F-40BB-8F3D-895ECF6BA9FA}"
EndProject
Global
	GlobalSection(SolutionConfigurationPlatforms) = preSolution
		Debug|Any CPU = Debug|Any CPU
		Release|Any CPU = Release|Any CPU
	EndGlobalSection
	GlobalSection(ProjectConfigurationPlatforms) = postSolution
		{32F394E7-0CDD-4891-99FB-99C72B553AD3}.Debug|Any CPU.ActiveCfg = Debug|Any CPU
		{32F394E7-0CDD-4891-99FB-99C72B553AD3}.Debug|Any CPU.Build.0 = Debug|Any CPU
		{32F394E7-0CDD-4891-99FB-99C72B553AD3}.Release|Any CPU.ActiveCfg = Release|Any CPU
		{32F394E7-0CDD-4891-99FB-99C72B553AD3}.Release|Any CPU.Build.0 = Release|Any CPU
		{197C44A8-A59F-40BB-8F3D-895ECF6BA9FA}.Debug|Any CPU.ActiveCfg = Debug|Any CPU
		{197C44A8-A59F-40BB-8F3D-895ECF6BA9FA}.Debug|Any CPU.Build.0 = Debug|Any CPU
		{197C44A8-A59F-40BB-8F3D-895ECF6BA9FA}.Release|Any CPU.ActiveCfg = Release|Any CPU
		{197C44A8-A59F-40BB-8F3D-895ECF6BA9FA}.Release|Any CPU.Build.0 = Release|Any CPU
	EndGlobalSection
	GlobalSection(SolutionProperties) = preSolution
		HideSolutionNode = FALSE
	EndGlobalSection
	GlobalSection(ExtensibilityGlobals) = postSolution
		SolutionGuid = {9A2F90BC-38DA-4897-8C58-699DE16859BC}
	EndGlobalSection
EndGlobal
